// !$*UTF8*$!
{
	archiveVersion = 1;
	classes = {
	};
	objectVersion = 46;
	objects = {

/* Begin PBXBuildFile section */
		03699DA41DE0778800CC568F /* DetalhesViewController.m in Sources */ = {isa = PBXBuildFile; fileRef = 03699DA31DE0778800CC568F /* DetalhesViewController.m */; };
		03699DA71DE09CD400CC568F /* SiteViewController.m in Sources */ = {isa = PBXBuildFile; fileRef = 03699DA61DE09CD400CC568F /* SiteViewController.m */; };
		03699DA91DE0B25A00CC568F /* MapKit.framework in Frameworks */ = {isa = PBXBuildFile; fileRef = 03699DA81DE0B25A00CC568F /* MapKit.framework */; };
		03699DAB1DE0B27B00CC568F /* CoreLocation.framework in Frameworks */ = {isa = PBXBuildFile; fileRef = 03699DAA1DE0B27B00CC568F /* CoreLocation.framework */; };
		03699DAE1DE0B31D00CC568F /* MapaViewController.m in Sources */ = {isa = PBXBuildFile; fileRef = 03699DAD1DE0B31D00CC568F /* MapaViewController.m */; };
		03A3CA6F1DCDEB5D0076AA0B /* main.m in Sources */ = {isa = PBXBuildFile; fileRef = 03A3CA6E1DCDEB5D0076AA0B /* main.m */; };
		03A3CA721DCDEB5D0076AA0B /* AppDelegate.m in Sources */ = {isa = PBXBuildFile; fileRef = 03A3CA711DCDEB5D0076AA0B /* AppDelegate.m */; };
		03A3CA751DCDEB5D0076AA0B /* ViewController.m in Sources */ = {isa = PBXBuildFile; fileRef = 03A3CA741DCDEB5D0076AA0B /* ViewController.m */; };
		03A3CA781DCDEB5D0076AA0B /* Main.storyboard in Resources */ = {isa = PBXBuildFile; fileRef = 03A3CA761DCDEB5D0076AA0B /* Main.storyboard */; };
		03A3CA7A1DCDEB5D0076AA0B /* Images.xcassets in Resources */ = {isa = PBXBuildFile; fileRef = 03A3CA791DCDEB5D0076AA0B /* Images.xcassets */; };
		03A3CA7D1DCDEB5D0076AA0B /* LaunchScreen.xib in Resources */ = {isa = PBXBuildFile; fileRef = 03A3CA7B1DCDEB5D0076AA0B /* LaunchScreen.xib */; };
		03A3CA891DCDEB5D0076AA0B /* AlcoolGasolinaTests.m in Sources */ = {isa = PBXBuildFile; fileRef = 03A3CA881DCDEB5D0076AA0B /* AlcoolGasolinaTests.m */; };
		03A3CA931DCE07360076AA0B /* Social.framework in Frameworks */ = {isa = PBXBuildFile; fileRef = 03A3CA921DCE07360076AA0B /* Social.framework */; };
		03A3CA951DCE2C540076AA0B /* MessageUI.framework in Frameworks */ = {isa = PBXBuildFile; fileRef = 03A3CA941DCE2C540076AA0B /* MessageUI.framework */; };
		03A3CA981DCE46EA0076AA0B /* HistoricoViewController.m in Sources */ = {isa = PBXBuildFile; fileRef = 03A3CA971DCE46EA0076AA0B /* HistoricoViewController.m */; };
/* End PBXBuildFile section */

/* Begin PBXContainerItemProxy section */
		03A3CA831DCDEB5D0076AA0B /* PBXContainerItemProxy */ = {
			isa = PBXContainerItemProxy;
			containerPortal = 03A3CA611DCDEB5D0076AA0B /* Project object */;
			proxyType = 1;
			remoteGlobalIDString = 03A3CA681DCDEB5D0076AA0B;
			remoteInfo = AlcoolGasolina;
		};
/* End PBXContainerItemProxy section */

/* Begin PBXFileReference section */
		03699DA21DE0778800CC568F /* DetalhesViewController.h */ = {isa = PBXFileReference; fileEncoding = 4; lastKnownFileType = sourcecode.c.h; path = DetalhesViewController.h; sourceTree = "<group>"; };
		03699DA31DE0778800CC568F /* DetalhesViewController.m */ = {isa = PBXFileReference; fileEncoding = 4; lastKnownFileType = sourcecode.c.objc; path = DetalhesViewController.m; sourceTree = "<group>"; };
		03699DA51DE09CD400CC568F /* SiteViewController.h */ = {isa = PBXFileReference; fileEncoding = 4; lastKnownFileType = sourcecode.c.h; path = SiteViewController.h; sourceTree = "<group>"; };
		03699DA61DE09CD400CC568F /* SiteViewController.m */ = {isa = PBXFileReference; fileEncoding = 4; lastKnownFileType = sourcecode.c.objc; path = SiteViewController.m; sourceTree = "<group>"; };
		03699DA81DE0B25A00CC568F /* MapKit.framework */ = {isa = PBXFileReference; lastKnownFileType = wrapper.framework; name = MapKit.framework; path = System/Library/Frameworks/MapKit.framework; sourceTree = SDKROOT; };
		03699DAA1DE0B27B00CC568F /* CoreLocation.framework */ = {isa = PBXFileReference; lastKnownFileType = wrapper.framework; name = CoreLocation.framework; path = System/Library/Frameworks/CoreLocation.framework; sourceTree = SDKROOT; };
		03699DAC1DE0B31D00CC568F /* MapaViewController.h */ = {isa = PBXFileReference; fileEncoding = 4; lastKnownFileType = sourcecode.c.h; path = MapaViewController.h; sourceTree = "<group>"; };
		03699DAD1DE0B31D00CC568F /* MapaViewController.m */ = {isa = PBXFileReference; fileEncoding = 4; lastKnownFileType = sourcecode.c.objc; path = MapaViewController.m; sourceTree = "<group>"; };
		03A3CA691DCDEB5D0076AA0B /* AlcoolGasolina.app */ = {isa = PBXFileReference; explicitFileType = wrapper.application; includeInIndex = 0; path = AlcoolGasolina.app; sourceTree = BUILT_PRODUCTS_DIR; };
		03A3CA6D1DCDEB5D0076AA0B /* Info.plist */ = {isa = PBXFileReference; lastKnownFileType = text.plist.xml; path = Info.plist; sourceTree = "<group>"; };
		03A3CA6E1DCDEB5D0076AA0B /* main.m */ = {isa = PBXFileReference; lastKnownFileType = sourcecode.c.objc; path = main.m; sourceTree = "<group>"; };
		03A3CA701DCDEB5D0076AA0B /* AppDelegate.h */ = {isa = PBXFileReference; lastKnownFileType = sourcecode.c.h; path = AppDelegate.h; sourceTree = "<group>"; };
		03A3CA711DCDEB5D0076AA0B /* AppDelegate.m */ = {isa = PBXFileReference; lastKnownFileType = sourcecode.c.objc; path = AppDelegate.m; sourceTree = "<group>"; };
		03A3CA731DCDEB5D0076AA0B /* ViewController.h */ = {isa = PBXFileReference; lastKnownFileType = sourcecode.c.h; path = ViewController.h; sourceTree = "<group>"; };
		03A3CA741DCDEB5D0076AA0B /* ViewController.m */ = {isa = PBXFileReference; lastKnownFileType = sourcecode.c.objc; path = ViewController.m; sourceTree = "<group>"; };
		03A3CA771DCDEB5D0076AA0B /* Base */ = {isa = PBXFileReference; lastKnownFileType = file.storyboard; name = Base; path = Base.lproj/Main.storyboard; sourceTree = "<group>"; };
		03A3CA791DCDEB5D0076AA0B /* Images.xcassets */ = {isa = PBXFileReference; lastKnownFileType = folder.assetcatalog; path = Images.xcassets; sourceTree = "<group>"; };
		03A3CA7C1DCDEB5D0076AA0B /* Base */ = {isa = PBXFileReference; lastKnownFileType = file.xib; name = Base; path = Base.lproj/LaunchScreen.xib; sourceTree = "<group>"; };
		03A3CA821DCDEB5D0076AA0B /* AlcoolGasolinaTests.xctest */ = {isa = PBXFileReference; explicitFileType = wrapper.cfbundle; includeInIndex = 0; path = AlcoolGasolinaTests.xctest; sourceTree = BUILT_PRODUCTS_DIR; };
		03A3CA871DCDEB5D0076AA0B /* Info.plist */ = {isa = PBXFileReference; lastKnownFileType = text.plist.xml; path = Info.plist; sourceTree = "<group>"; };
		03A3CA881DCDEB5D0076AA0B /* AlcoolGasolinaTests.m */ = {isa = PBXFileReference; lastKnownFileType = sourcecode.c.objc; path = AlcoolGasolinaTests.m; sourceTree = "<group>"; };
		03A3CA921DCE07360076AA0B /* Social.framework */ = {isa = PBXFileReference; lastKnownFileType = wrapper.framework; name = Social.framework; path = System/Library/Frameworks/Social.framework; sourceTree = SDKROOT; };
		03A3CA941DCE2C540076AA0B /* MessageUI.framework */ = {isa = PBXFileReference; lastKnownFileType = wrapper.framework; name = MessageUI.framework; path = System/Library/Frameworks/MessageUI.framework; sourceTree = SDKROOT; };
		03A3CA961DCE46EA0076AA0B /* HistoricoViewController.h */ = {isa = PBXFileReference; fileEncoding = 4; lastKnownFileType = sourcecode.c.h; path = HistoricoViewController.h; sourceTree = "<group>"; };
		03A3CA971DCE46EA0076AA0B /* HistoricoViewController.m */ = {isa = PBXFileReference; fileEncoding = 4; lastKnownFileType = sourcecode.c.objc; path = HistoricoViewController.m; sourceTree = "<group>"; };
/* End PBXFileReference section */

/* Begin PBXFrameworksBuildPhase section */
		03A3CA661DCDEB5D0076AA0B /* Frameworks */ = {
			isa = PBXFrameworksBuildPhase;
			buildActionMask = 2147483647;
			files = (
				03699DAB1DE0B27B00CC568F /* CoreLocation.framework in Frameworks */,
				03699DA91DE0B25A00CC568F /* MapKit.framework in Frameworks */,
				03A3CA951DCE2C540076AA0B /* MessageUI.framework in Frameworks */,
				03A3CA931DCE07360076AA0B /* Social.framework in Frameworks */,
			);
			runOnlyForDeploymentPostprocessing = 0;
		};
		03A3CA7F1DCDEB5D0076AA0B /* Frameworks */ = {
			isa = PBXFrameworksBuildPhase;
			buildActionMask = 2147483647;
			files = (
			);
			runOnlyForDeploymentPostprocessing = 0;
		};
/* End PBXFrameworksBuildPhase section */

/* Begin PBXGroup section */
		03A3CA601DCDEB5D0076AA0B = {
			isa = PBXGroup;
			children = (
				03699DAA1DE0B27B00CC568F /* CoreLocation.framework */,
				03699DA81DE0B25A00CC568F /* MapKit.framework */,
				03A3CA941DCE2C540076AA0B /* MessageUI.framework */,
				03A3CA921DCE07360076AA0B /* Social.framework */,
				03A3CA6B1DCDEB5D0076AA0B /* AlcoolGasolina */,
				03A3CA851DCDEB5D0076AA0B /* AlcoolGasolinaTests */,
				03A3CA6A1DCDEB5D0076AA0B /* Products */,
			);
			sourceTree = "<group>";
		};
		03A3CA6A1DCDEB5D0076AA0B /* Products */ = {
			isa = PBXGroup;
			children = (
				03A3CA691DCDEB5D0076AA0B /* AlcoolGasolina.app */,
				03A3CA821DCDEB5D0076AA0B /* AlcoolGasolinaTests.xctest */,
			);
			name = Products;
			sourceTree = "<group>";
		};
		03A3CA6B1DCDEB5D0076AA0B /* AlcoolGasolina */ = {
			isa = PBXGroup;
			children = (
				03A3CA701DCDEB5D0076AA0B /* AppDelegate.h */,
				03A3CA711DCDEB5D0076AA0B /* AppDelegate.m */,
				03A3CA731DCDEB5D0076AA0B /* ViewController.h */,
				03A3CA741DCDEB5D0076AA0B /* ViewController.m */,
				03A3CA961DCE46EA0076AA0B /* HistoricoViewController.h */,
				03A3CA971DCE46EA0076AA0B /* HistoricoViewController.m */,
				03699DA21DE0778800CC568F /* DetalhesViewController.h */,
				03699DA31DE0778800CC568F /* DetalhesViewController.m */,
				03699DA51DE09CD400CC568F /* SiteViewController.h */,
				03699DA61DE09CD400CC568F /* SiteViewController.m */,
				03699DAC1DE0B31D00CC568F /* MapaViewController.h */,
				03699DAD1DE0B31D00CC568F /* MapaViewController.m */,
				03A3CA761DCDEB5D0076AA0B /* Main.storyboard */,
				03A3CA791DCDEB5D0076AA0B /* Images.xcassets */,
				03A3CA7B1DCDEB5D0076AA0B /* LaunchScreen.xib */,
				03A3CA6C1DCDEB5D0076AA0B /* Supporting Files */,
			);
			path = AlcoolGasolina;
			sourceTree = "<group>";
		};
		03A3CA6C1DCDEB5D0076AA0B /* Supporting Files */ = {
			isa = PBXGroup;
			children = (
				03A3CA6D1DCDEB5D0076AA0B /* Info.plist */,
				03A3CA6E1DCDEB5D0076AA0B /* main.m */,
			);
			name = "Supporting Files";
			sourceTree = "<group>";
		};
		03A3CA851DCDEB5D0076AA0B /* AlcoolGasolinaTests */ = {
			isa = PBXGroup;
			children = (
				03A3CA881DCDEB5D0076AA0B /* AlcoolGasolinaTests.m */,
				03A3CA861DCDEB5D0076AA0B /* Supporting Files */,
			);
			path = AlcoolGasolinaTests;
			sourceTree = "<group>";
		};
		03A3CA861DCDEB5D0076AA0B /* Supporting Files */ = {
			isa = PBXGroup;
			children = (
				03A3CA871DCDEB5D0076AA0B /* Info.plist */,
			);
			name = "Supporting Files";
			sourceTree = "<group>";
		};
/* End PBXGroup section */

/* Begin PBXNativeTarget section */
		03A3CA681DCDEB5D0076AA0B /* AlcoolGasolina */ = {
			isa = PBXNativeTarget;
			buildConfigurationList = 03A3CA8C1DCDEB5D0076AA0B /* Build configuration list for PBXNativeTarget "AlcoolGasolina" */;
			buildPhases = (
				03A3CA651DCDEB5D0076AA0B /* Sources */,
				03A3CA661DCDEB5D0076AA0B /* Frameworks */,
				03A3CA671DCDEB5D0076AA0B /* Resources */,
			);
			buildRules = (
			);
			dependencies = (
			);
			name = AlcoolGasolina;
			productName = AlcoolGasolina;
			productReference = 03A3CA691DCDEB5D0076AA0B /* AlcoolGasolina.app */;
			productType = "com.apple.product-type.application";
		};
		03A3CA811DCDEB5D0076AA0B /* AlcoolGasolinaTests */ = {
			isa = PBXNativeTarget;
			buildConfigurationList = 03A3CA8F1DCDEB5D0076AA0B /* Build configuration list for PBXNativeTarget "AlcoolGasolinaTests" */;
			buildPhases = (
				03A3CA7E1DCDEB5D0076AA0B /* Sources */,
				03A3CA7F1DCDEB5D0076AA0B /* Frameworks */,
				03A3CA801DCDEB5D0076AA0B /* Resources */,
			);
			buildRules = (
			);
			dependencies = (
				03A3CA841DCDEB5D0076AA0B /* PBXTargetDependency */,
			);
			name = AlcoolGasolinaTests;
			productName = AlcoolGasolinaTests;
			productReference = 03A3CA821DCDEB5D0076AA0B /* AlcoolGasolinaTests.xctest */;
			productType = "com.apple.product-type.bundle.unit-test";
		};
/* End PBXNativeTarget section */

/* Begin PBXProject section */
		03A3CA611DCDEB5D0076AA0B /* Project object */ = {
			isa = PBXProject;
			attributes = {
				LastUpgradeCheck = 0630;
				ORGANIZATIONNAME = "Faculdade Alfa";
				TargetAttributes = {
					03A3CA681DCDEB5D0076AA0B = {
						CreatedOnToolsVersion = 6.3.2;
					};
					03A3CA811DCDEB5D0076AA0B = {
						CreatedOnToolsVersion = 6.3.2;
						TestTargetID = 03A3CA681DCDEB5D0076AA0B;
					};
				};
			};
			buildConfigurationList = 03A3CA641DCDEB5D0076AA0B /* Build configuration list for PBXProject "AlcoolGasolina" */;
			compatibilityVersion = "Xcode 3.2";
			developmentRegion = English;
			hasScannedForEncodings = 0;
			knownRegions = (
				en,
				Base,
			);
			mainGroup = 03A3CA601DCDEB5D0076AA0B;
			productRefGroup = 03A3CA6A1DCDEB5D0076AA0B /* Products */;
			projectDirPath = "";
			projectRoot = "";
			targets = (
				03A3CA681DCDEB5D0076AA0B /* AlcoolGasolina */,
				03A3CA811DCDEB5D0076AA0B /* AlcoolGasolinaTests */,
			);
		};
/* End PBXProject section */

/* Begin PBXResourcesBuildPhase section */
		03A3CA671DCDEB5D0076AA0B /* Resources */ = {
			isa = PBXResourcesBuildPhase;
			buildActionMask = 2147483647;
			files = (
				03A3CA781DCDEB5D0076AA0B /* Main.storyboard in Resources */,
				03A3CA7D1DCDEB5D0076AA0B /* LaunchScreen.xib in Resources */,
				03A3CA7A1DCDEB5D0076AA0B /* Images.xcassets in Resources */,
			);
			runOnlyForDeploymentPostprocessing = 0;
		};
		03A3CA801DCDEB5D0076AA0B /* Resources */ = {
			isa = PBXResourcesBuildPhase;
			buildActionMask = 2147483647;
			files = (
			);
			runOnlyForDeploymentPostprocessing = 0;
		};
/* End PBXResourcesBuildPhase section */

/* Begin PBXSourcesBuildPhase section */
		03A3CA651DCDEB5D0076AA0B /* Sources */ = {
			isa = PBXSourcesBuildPhase;
			buildActionMask = 2147483647;
			files = (
				03A3CA751DCDEB5D0076AA0B /* ViewController.m in Sources */,
				03699DA71DE09CD400CC568F /* SiteViewController.m in Sources */,
				03A3CA721DCDEB5D0076AA0B /* AppDelegate.m in Sources */,
				03A3CA6F1DCDEB5D0076AA0B /* main.m in Sources */,
				03699DAE1DE0B31D00CC568F /* MapaViewController.m in Sources */,
				03699DA41DE0778800CC568F /* DetalhesViewController.m in Sources */,
				03A3CA981DCE46EA0076AA0B /* HistoricoViewController.m in Sources */,
			);
			runOnlyForDeploymentPostprocessing = 0;
		};
		03A3CA7E1DCDEB5D0076AA0B /* Sources */ = {
			isa = PBXSourcesBuildPhase;
			buildActionMask = 2147483647;
			files = (
				03A3CA891DCDEB5D0076AA0B /* AlcoolGasolinaTests.m in Sources */,
			);
			runOnlyForDeploymentPostprocessing = 0;
		};
/* End PBXSourcesBuildPhase section */

/* Begin PBXTargetDependency section */
		03A3CA841DCDEB5D0076AA0B /* PBXTargetDependency */ = {
			isa = PBXTargetDependency;
			target = 03A3CA681DCDEB5D0076AA0B /* AlcoolGasolina */;
			targetProxy = 03A3CA831DCDEB5D0076AA0B /* PBXContainerItemProxy */;
		};
/* End PBXTargetDependency section */

/* Begin PBXVariantGroup section */
		03A3CA761DCDEB5D0076AA0B /* Main.storyboard */ = {
			isa = PBXVariantGroup;
			children = (
				03A3CA771DCDEB5D0076AA0B /* Base */,
			);
			name = Main.storyboard;
			sourceTree = "<group>";
		};
		03A3CA7B1DCDEB5D0076AA0B /* LaunchScreen.xib */ = {
			isa = PBXVariantGroup;
			children = (
				03A3CA7C1DCDEB5D0076AA0B /* Base */,
			);
			name = LaunchScreen.xib;
			sourceTree = "<group>";
		};
/* End PBXVariantGroup section */

/* Begin XCBuildConfiguration section */
		03A3CA8A1DCDEB5D0076AA0B /* Debug */ = {
			isa = XCBuildConfiguration;
			buildSettings = {
				ALWAYS_SEARCH_USER_PATHS = NO;
				CLANG_CXX_LANGUAGE_STANDARD = "gnu++0x";
				CLANG_CXX_LIBRARY = "libc++";
				CLANG_ENABLE_MODULES = YES;
				CLANG_ENABLE_OBJC_ARC = YES;
				CLANG_WARN_BOOL_CONVERSION = YES;
				CLANG_WARN_CONSTANT_CONVERSION = YES;
				CLANG_WARN_DIRECT_OBJC_ISA_USAGE = YES_ERROR;
				CLANG_WARN_EMPTY_BODY = YES;
				CLANG_WARN_ENUM_CONVERSION = YES;
				CLANG_WARN_INT_CONVERSION = YES;
				CLANG_WARN_OBJC_ROOT_CLASS = YES_ERROR;
				CLANG_WARN_UNREACHABLE_CODE = YES;
				CLANG_WARN__DUPLICATE_METHOD_MATCH = YES;
				"CODE_SIGN_IDENTITY[sdk=iphoneos*]" = "iPhone Developer";
				COPY_PHASE_STRIP = NO;
				DEBUG_INFORMATION_FORMAT = "dwarf-with-dsym";
				ENABLE_STRICT_OBJC_MSGSEND = YES;
				GCC_C_LANGUAGE_STANDARD = gnu99;
				GCC_DYNAMIC_NO_PIC = NO;
				GCC_NO_COMMON_BLOCKS = YES;
				GCC_OPTIMIZATION_LEVEL = 0;
				GCC_PREPROCESSOR_DEFINITIONS = (
					"DEBUG=1",
					"$(inherited)",
				);
				GCC_SYMBOLS_PRIVATE_EXTERN = NO;
				GCC_WARN_64_TO_32_BIT_CONVERSION = YES;
				GCC_WARN_ABOUT_RETURN_TYPE = YES_ERROR;
				GCC_WARN_UNDECLARED_SELECTOR = YES;
				GCC_WARN_UNINITIALIZED_AUTOS = YES_AGGRESSIVE;
				GCC_WARN_UNUSED_FUNCTION = YES;
				GCC_WARN_UNUSED_VARIABLE = YES;
				IPHONEOS_DEPLOYMENT_TARGET = 8.3;
				MTL_ENABLE_DEBUG_INFO = YES;
				ONLY_ACTIVE_ARCH = YES;
				SDKROOT = iphoneos;
			};
			name = Debug;
		};
		03A3CA8B1DCDEB5D0076AA0B /* Release */ = {
			isa = XCBuildConfiguration;
			buildSettings = {
				ALWAYS_SEARCH_USER_PATHS = NO;
				CLANG_CXX_LANGUAGE_STANDARD = "gnu++0x";
				CLANG_CXX_LIBRARY = "libc++";
				CLANG_ENABLE_MODULES = YES;
				CLANG_ENABLE_OBJC_ARC = YES;
				CLANG_WARN_BOOL_CONVERSION = YES;
				CLANG_WARN_CONSTANT_CONVERSION = YES;
				CLANG_WARN_DIRECT_OBJC_ISA_USAGE = YES_ERROR;
				CLANG_WARN_EMPTY_BODY = YES;
				CLANG_WARN_ENUM_CONVERSION = YES;
				CLANG_WARN_INT_CONVERSION = YES;
				CLANG_WARN_OBJC_ROOT_CLASS = YES_ERROR;
				CLANG_WARN_UNREACHABLE_CODE = YES;
				CLANG_WARN__DUPLICATE_METHOD_MATCH = YES;
				"CODE_SIGN_IDENTITY[sdk=iphoneos*]" = "iPhone Developer";
				COPY_PHASE_STRIP = NO;
				DEBUG_INFORMATION_FORMAT = "dwarf-with-dsym";
				ENABLE_NS_ASSERTIONS = NO;
				ENABLE_STRICT_OBJC_MSGSEND = YES;
				GCC_C_LANGUAGE_STANDARD = gnu99;
				GCC_NO_COMMON_BLOCKS = YES;
				GCC_WARN_64_TO_32_BIT_CONVERSION = YES;
				GCC_WARN_ABOUT_RETURN_TYPE = YES_ERROR;
				GCC_WARN_UNDECLARED_SELECTOR = YES;
				GCC_WARN_UNINITIALIZED_AUTOS = YES_AGGRESSIVE;
				GCC_WARN_UNUSED_FUNCTION = YES;
				GCC_WARN_UNUSED_VARIABLE = YES;
				IPHONEOS_DEPLOYMENT_TARGET = 8.3;
				MTL_ENABLE_DEBUG_INFO = NO;
				SDKROOT = iphoneos;
				VALIDATE_PRODUCT = YES;
			};
			name = Release;
		};
		03A3CA8D1DCDEB5D0076AA0B /* Debug */ = {
			isa = XCBuildConfiguration;
			buildSettings = {
				ASSETCATALOG_COMPILER_APPICON_NAME = AppIcon;
				INFOPLIST_FILE = AlcoolGasolina/Info.plist;
				LD_RUNPATH_SEARCH_PATHS = "$(inherited) @executable_path/Frameworks";
				PRODUCT_NAME = "$(TARGET_NAME)";
			};
			name = Debug;
		};
		03A3CA8E1DCDEB5D0076AA0B /* Release */ = {
			isa = XCBuildConfiguration;
			buildSettings = {
				ASSETCATALOG_COMPILER_APPICON_NAME = AppIcon;
				INFOPLIST_FILE = AlcoolGasolina/Info.plist;
				LD_RUNPATH_SEARCH_PATHS = "$(inherited) @executable_path/Frameworks";
				PRODUCT_NAME = "$(TARGET_NAME)";
			};
			name = Release;
		};
		03A3CA901DCDEB5D0076AA0B /* Debug */ = {
			isa = XCBuildConfiguration;
			buildSettings = {
				BUNDLE_LOADER = "$(TEST_HOST)";
				FRAMEWORK_SEARCH_PATHS = (
					"$(SDKROOT)/Developer/Library/Frameworks",
					"$(inherited)",
				);
				GCC_PREPROCESSOR_DEFINITIONS = (
					"DEBUG=1",
					"$(inherited)",
				);
				INFOPLIST_FILE = AlcoolGasolinaTests/Info.plist;
				LD_RUNPATH_SEARCH_PATHS = "$(inherited) @executable_path/Frameworks @loader_path/Frameworks";
				PRODUCT_NAME = "$(TARGET_NAME)";
				TEST_HOST = "$(BUILT_PRODUCTS_DIR)/AlcoolGasolina.app/AlcoolGasolina";
			};
			name = Debug;
		};
		03A3CA911DCDEB5D0076AA0B /* Release */ = {
			isa = XCBuildConfiguration;
			buildSettings = {
				BUNDLE_LOADER = "$(TEST_HOST)";
				FRAMEWORK_SEARCH_PATHS = (
					"$(SDKROOT)/Developer/Library/Frameworks",
					"$(inherited)",
				);
				INFOPLIST_FILE = AlcoolGasolinaTests/Info.plist;
				LD_RUNPATH_SEARCH_PATHS = "$(inherited) @executable_path/Frameworks @loader_path/Frameworks";
				PRODUCT_NAME = "$(TARGET_NAME)";
				TEST_HOST = "$(BUILT_PRODUCTS_DIR)/AlcoolGasolina.app/AlcoolGasolina";
			};
			name = Release;
		};
/* End XCBuildConfiguration section */

/* Begin XCConfigurationList section */
		03A3CA641DCDEB5D0076AA0B /* Build configuration list for PBXProject "AlcoolGasolina" */ = {
			isa = XCConfigurationList;
			buildConfigurations = (
				03A3CA8A1DCDEB5D0076AA0B /* Debug */,
				03A3CA8B1DCDEB5D0076AA0B /* Release */,
			);
			defaultConfigurationIsVisible = 0;
			defaultConfigurationName = Release;
		};
		03A3CA8C1DCDEB5D0076AA0B /* Build configuration list for PBXNativeTarget "AlcoolGasolina" */ = {
			isa = XCConfigurationList;
			buildConfigurations = (
				03A3CA8D1DCDEB5D0076AA0B /* Debug */,
				03A3CA8E1DCDEB5D0076AA0B /* Release */,
			);
			defaultConfigurationIsVisible = 0;
			defaultConfigurationName = Release;
		};
		03A3CA8F1DCDEB5D0076AA0B /* Build configuration list for PBXNativeTarget "AlcoolGasolinaTests" */ = {
			isa = XCConfigurationList;
			buildConfigurations = (
				03A3CA901DCDEB5D0076AA0B /* Debug */,
				03A3CA911DCDEB5D0076AA0B /* Release */,
			);
			defaultConfigurationIsVisible = 0;
			defaultConfigurationName = Release;
		};
/* End XCConfigurationList section */
	};
	rootObject = 03A3CA611DCDEB5D0076AA0B /* Project object */;
}
